
Microsoft Visual Studio Solution File, Format Version 12.00
# Visual Studio 15
VisualStudioVersion = 15.0.27130.2003
MinimumVisualStudioVersion = 10.0.40219.1
Project("{FAE04EC0-301F-11D3-BF4B-00C04F79EFBC}") = "SimplestJsonRpcClient", "SimplestJsonRpcClient\SimplestJsonRpcClient.csproj", "{3F8AB8A3-0ACB-45C9-AD3B-DA9A86F04EDC}"
EndProject
Project("{FAE04EC0-301F-11D3-BF4B-00C04F79EFBC}") = "SimplestJsonRpcClient_test", "SimplestJsonRpcClient_test\SimplestJsonRpcClient_test.csproj", "{55E2A6D3-39A5-4006-AED6-0B90A4B07F54}"
EndProject
Global
	GlobalSection(SolutionConfigurationPlatforms) = preSolution
		Debug|Any CPU = Debug|Any CPU
		Release|Any CPU = Release|Any CPU
	EndGlobalSection
	GlobalSection(ProjectConfigurationPlatforms) = postSolution
		{3F8AB8A3-0ACB-45C9-AD3B-DA9A86F04EDC}.Debug|Any CPU.ActiveCfg = Debug|Any CPU
		{3F8AB8A3-0ACB-45C9-AD3B-DA9A86F04EDC}.Debug|Any CPU.Build.0 = Debug|Any CPU
		{3F8AB8A3-0ACB-45C9-AD3B-DA9A86F04EDC}.Release|Any CPU.ActiveCfg = Release|Any CPU
		{3F8AB8A3-0ACB-45C9-AD3B-DA9A86F04EDC}.Release|Any CPU.Build.0 = Release|Any CPU
		{55E2A6D3-39A5-4006-AED6-0B90A4B07F54}.Debug|Any CPU.ActiveCfg = Debug|Any CPU
		{55E2A6D3-39A5-4006-AED6-0B90A4B07F54}.Debug|Any CPU.Build.0 = Debug|Any CPU
		{55E2A6D3-39A5-4006-AED6-0B90A4B07F54}.Release|Any CPU.ActiveCfg = Release|Any CPU
		{55E2A6D3-39A5-4006-AED6-0B90A4B07F54}.Release|Any CPU.Build.0 = Release|Any CPU
	EndGlobalSection
	GlobalSection(SolutionProperties) = preSolution
		HideSolutionNode = FALSE
	EndGlobalSection
	GlobalSection(ExtensibilityGlobals) = postSolution
		SolutionGuid = {69743CE5-AF2A-430E-944C-9C30517A3394}
	EndGlobalSection
EndGlobal
